
Microsoft Visual Studio Solution File, Format Version 12.00
# Visual Studio Version 17
VisualStudioVersion = 17.7.34221.43
MinimumVisualStudioVersion = 10.0.40219.1
Project("{FAE04EC0-301F-11D3-BF4B-00C04F79EFBC}") = "Array List", "Array List\Array List.csproj", "{2520AA07-3196-4F97-8834-089F2A892ADF}"
EndProject
Global
	GlobalSection(SolutionConfigurationPlatforms) = preSolution
		Debug|Any CPU = Debug|Any CPU
		Release|Any CPU = Release|Any CPU
	EndGlobalSection
	GlobalSection(ProjectConfigurationPlatforms) = postSolution
		{2520AA07-3196-4F97-8834-089F2A892ADF}.Debug|Any CPU.ActiveCfg = Debug|Any CPU
		{2520AA07-3196-4F97-8834-089F2A892ADF}.Debug|Any CPU.Build.0 = Debug|Any CPU
		{2520AA07-3196-4F97-8834-089F2A892ADF}.Release|Any CPU.ActiveCfg = Release|Any CPU
		{2520AA07-3196-4F97-8834-089F2A892ADF}.Release|Any CPU.Build.0 = Release|Any CPU
	EndGlobalSection
	GlobalSection(SolutionProperties) = preSolution
		HideSolutionNode = FALSE
	EndGlobalSection
	GlobalSection(ExtensibilityGlobals) = postSolution
		SolutionGuid = {907604E8-0332-47F3-AAF4-7117E9FFC293}
	EndGlobalSection
EndGlobal
