
Microsoft Visual Studio Solution File, Format Version 12.00
# Visual Studio Version 17
VisualStudioVersion = 17.5.002.0
MinimumVisualStudioVersion = 10.0.40219.1
Project("{9A19103F-16F7-4668-BE54-9A1E7A4F7556}") = "Operatorler", "Operatorler.csproj", "{B81741ED-A3A8-4018-BE30-D53F8C13B39D}"
EndProject
Global
	GlobalSection(SolutionConfigurationPlatforms) = preSolution
		Debug|Any CPU = Debug|Any CPU
		Release|Any CPU = Release|Any CPU
	EndGlobalSection
	GlobalSection(ProjectConfigurationPlatforms) = postSolution
		{B81741ED-A3A8-4018-BE30-D53F8C13B39D}.Debug|Any CPU.ActiveCfg = Debug|Any CPU
		{B81741ED-A3A8-4018-BE30-D53F8C13B39D}.Debug|Any CPU.Build.0 = Debug|Any CPU
		{B81741ED-A3A8-4018-BE30-D53F8C13B39D}.Release|Any CPU.ActiveCfg = Release|Any CPU
		{B81741ED-A3A8-4018-BE30-D53F8C13B39D}.Release|Any CPU.Build.0 = Release|Any CPU
	EndGlobalSection
	GlobalSection(SolutionProperties) = preSolution
		HideSolutionNode = FALSE
	EndGlobalSection
	GlobalSection(ExtensibilityGlobals) = postSolution
		SolutionGuid = {A0EFFDA2-4717-4E5B-9544-27D1E09C459C}
	EndGlobalSection
EndGlobal
